{
  "name": "DataFormat",
  "lockfileVersion": 3,
  "requires": true,
  "packages": {
    "": {
      "dependencies": {
        "escape-string-regexp": "^2.0.0",
        "he": "^1.2.0",
        "lunr": "^2.3.6"
      }
    },
    "node_modules/escape-string-regexp": {
      "version": "2.0.0",
      "resolved": "https://registry.npmjs.org/escape-string-regexp/-/escape-string-regexp-2.0.0.tgz",
      "integrity": "sha512-UpzcLCXolUWcNu5HtVMHYdXJjArjsF9C0aNnquZYY4uW/Vu0miy5YoWvbV345HauVvcAUnpRuhMMcqTcGOY2+w==",
      "engines": {
        "node": ">=8"
      }
    },
    "node_modules/he": {
      "version": "1.2.0",
      "resolved": "https://registry.npmjs.org/he/-/he-1.2.0.tgz",
      "integrity": "sha512-F/1DnUGPopORZi0ni+CvrCgHQ5FyEAHRLSApuYWMmrbSwoN2Mn/7k+Gl38gJnR7yyDZk6WLXwiGod1JOWNDKGw==",
      "bin": {
        "he": "bin/he"
      }
    },
    "node_modules/lunr": {
      "version": "2.3.6",
      "resolved": "https://registry.npmjs.org/lunr/-/lunr-2.3.6.tgz",
      "integrity": "sha512-swStvEyDqQ85MGpABCMBclZcLI/pBIlu8FFDtmX197+oEgKloJ67QnB+Tidh0340HmLMs39c4GrkPY3cmkXp6Q=="
    }
  }
}
